
Microsoft Visual Studio Solution File, Format Version 12.00
# Visual Studio Version 17
VisualStudioVersion = 17.8.34330.188
MinimumVisualStudioVersion = 10.0.40219.1
Project("{FAE04EC0-301F-11D3-BF4B-00C04F79EFBC}") = "HuskyContacts", "HuskyContacts\HuskyContacts.csproj", "{2BC8DB0B-2016-4740-A425-6BE4202471E5}"
EndProject
Project("{54435603-DBB4-11D2-8724-00A0C9A8B90C}") = "HuskyContactManagementSetUp", "HuskyContactManagementSetUp\HuskyContactManagementSetUp.vdproj", "{5B7D173A-C83B-4424-B5AF-3B46111B2EE4}"
EndProject
Global
	GlobalSection(SolutionConfigurationPlatforms) = preSolution
		Debug|Any CPU = Debug|Any CPU
		Release|Any CPU = Release|Any CPU
	EndGlobalSection
	GlobalSection(ProjectConfigurationPlatforms) = postSolution
		{2BC8DB0B-2016-4740-A425-6BE4202471E5}.Debug|Any CPU.ActiveCfg = Debug|Any CPU
		{2BC8DB0B-2016-4740-A425-6BE4202471E5}.Debug|Any CPU.Build.0 = Debug|Any CPU
		{2BC8DB0B-2016-4740-A425-6BE4202471E5}.Release|Any CPU.ActiveCfg = Release|Any CPU
		{2BC8DB0B-2016-4740-A425-6BE4202471E5}.Release|Any CPU.Build.0 = Release|Any CPU
		{5B7D173A-C83B-4424-B5AF-3B46111B2EE4}.Debug|Any CPU.ActiveCfg = Debug
		{5B7D173A-C83B-4424-B5AF-3B46111B2EE4}.Release|Any CPU.ActiveCfg = Release
	EndGlobalSection
	GlobalSection(SolutionProperties) = preSolution
		HideSolutionNode = FALSE
	EndGlobalSection
	GlobalSection(ExtensibilityGlobals) = postSolution
		SolutionGuid = {66B8E2B2-6BB7-47AB-9BDA-9A6E897A2ABF}
	EndGlobalSection
EndGlobal
